// !$*UTF8*$!
{
	archiveVersion = 1;
	classes = {
	};
	objectVersion = 56;
	objects = {

/* Begin PBXBuildFile section */
		32C9B1F82BD141A80038A2BD /* AppDelegate.swift in Sources */ = {isa = PBXBuildFile; fileRef = 32C9B1F72BD141A80038A2BD /* AppDelegate.swift */; };
		32C9B1FA2BD141A80038A2BD /* SceneDelegate.swift in Sources */ = {isa = PBXBuildFile; fileRef = 32C9B1F92BD141A80038A2BD /* SceneDelegate.swift */; };
		32C9B1FC2BD141A80038A2BD /* ViewController.swift in Sources */ = {isa = PBXBuildFile; fileRef = 32C9B1FB2BD141A80038A2BD /* ViewController.swift */; };
		32C9B1FF2BD141A80038A2BD /* Base in Resources */ = {isa = PBXBuildFile; fileRef = 32C9B1FE2BD141A80038A2BD /* Base */; };
		32C9B2012BD141A90038A2BD /* Assets.xcassets in Resources */ = {isa = PBXBuildFile; fileRef = 32C9B2002BD141A90038A2BD /* Assets.xcassets */; };
		32C9B2042BD141A90038A2BD /* Base in Resources */ = {isa = PBXBuildFile; fileRef = 32C9B2032BD141A90038A2BD /* Base */; };
		32C9B20F2BD141A90038A2BD /* test2Tests.swift in Sources */ = {isa = PBXBuildFile; fileRef = 32C9B20E2BD141A90038A2BD /* test2Tests.swift */; };
		32C9B2192BD141A90038A2BD /* test2UITests.swift in Sources */ = {isa = PBXBuildFile; fileRef = 32C9B2182BD141A90038A2BD /* test2UITests.swift */; };
		32C9B21B2BD141A90038A2BD /* test2UITestsLaunchTests.swift in Sources */ = {isa = PBXBuildFile; fileRef = 32C9B21A2BD141A90038A2BD /* test2UITestsLaunchTests.swift */; };
/* End PBXBuildFile section */

/* Begin PBXContainerItemProxy section */
		32C9B20B2BD141A90038A2BD /* PBXContainerItemProxy */ = {
			isa = PBXContainerItemProxy;
			containerPortal = 32C9B1EC2BD141A80038A2BD /* Project object */;
			proxyType = 1;
			remoteGlobalIDString = 32C9B1F32BD141A80038A2BD;
			remoteInfo = test2;
		};
		32C9B2152BD141A90038A2BD /* PBXContainerItemProxy */ = {
			isa = PBXContainerItemProxy;
			containerPortal = 32C9B1EC2BD141A80038A2BD /* Project object */;
			proxyType = 1;
			remoteGlobalIDString = 32C9B1F32BD141A80038A2BD;
			remoteInfo = test2;
		};
/* End PBXContainerItemProxy section */

/* Begin PBXFileReference section */
		32C9B1F42BD141A80038A2BD /* test2.app */ = {isa = PBXFileReference; explicitFileType = wrapper.application; includeInIndex = 0; path = test2.app; sourceTree = BUILT_PRODUCTS_DIR; };
		32C9B1F72BD141A80038A2BD /* AppDelegate.swift */ = {isa = PBXFileReference; lastKnownFileType = sourcecode.swift; path = AppDelegate.swift; sourceTree = "<group>"; };
		32C9B1F92BD141A80038A2BD /* SceneDelegate.swift */ = {isa = PBXFileReference; lastKnownFileType = sourcecode.swift; path = SceneDelegate.swift; sourceTree = "<group>"; };
		32C9B1FB2BD141A80038A2BD /* ViewController.swift */ = {isa = PBXFileReference; lastKnownFileType = sourcecode.swift; path = ViewController.swift; sourceTree = "<group>"; };
		32C9B1FE2BD141A80038A2BD /* Base */ = {isa = PBXFileReference; lastKnownFileType = file.storyboard; name = Base; path = Base.lproj/Main.storyboard; sourceTree = "<group>"; };
		32C9B2002BD141A90038A2BD /* Assets.xcassets */ = {isa = PBXFileReference; lastKnownFileType = folder.assetcatalog; path = Assets.xcassets; sourceTree = "<group>"; };
		32C9B2032BD141A90038A2BD /* Base */ = {isa = PBXFileReference; lastKnownFileType = file.storyboard; name = Base; path = Base.lproj/LaunchScreen.storyboard; sourceTree = "<group>"; };
		32C9B2052BD141A90038A2BD /* Info.plist */ = {isa = PBXFileReference; lastKnownFileType = text.plist.xml; path = Info.plist; sourceTree = "<group>"; };
		32C9B20A2BD141A90038A2BD /* test2Tests.xctest */ = {isa = PBXFileReference; explicitFileType = wrapper.cfbundle; includeInIndex = 0; path = test2Tests.xctest; sourceTree = BUILT_PRODUCTS_DIR; };
		32C9B20E2BD141A90038A2BD /* test2Tests.swift */ = {isa = PBXFileReference; lastKnownFileType = sourcecode.swift; path = test2Tests.swift; sourceTree = "<group>"; };
		32C9B2142BD141A90038A2BD /* test2UITests.xctest */ = {isa = PBXFileReference; explicitFileType = wrapper.cfbundle; includeInIndex = 0; path = test2UITests.xctest; sourceTree = BUILT_PRODUCTS_DIR; };
		32C9B2182BD141A90038A2BD /* test2UITests.swift */ = {isa = PBXFileReference; lastKnownFileType = sourcecode.swift; path = test2UITests.swift; sourceTree = "<group>"; };
		32C9B21A2BD141A90038A2BD /* test2UITestsLaunchTests.swift */ = {isa = PBXFileReference; lastKnownFileType = sourcecode.swift; path = test2UITestsLaunchTests.swift; sourceTree = "<group>"; };
/* End PBXFileReference section */

/* Begin PBXFrameworksBuildPhase section */
		32C9B1F12BD141A80038A2BD /* Frameworks */ = {
			isa = PBXFrameworksBuildPhase;
			buildActionMask = 2147483647;
			files = (
			);
			runOnlyForDeploymentPostprocessing = 0;
		};
		32C9B2072BD141A90038A2BD /* Frameworks */ = {
			isa = PBXFrameworksBuildPhase;
			buildActionMask = 2147483647;
			files = (
			);
			runOnlyForDeploymentPostprocessing = 0;
		};
		32C9B2112BD141A90038A2BD /* Frameworks */ = {
			isa = PBXFrameworksBuildPhase;
			buildActionMask = 2147483647;
			files = (
			);
			runOnlyForDeploymentPostprocessing = 0;
		};
/* End PBXFrameworksBuildPhase section */

/* Begin PBXGroup section */
		32C9B1EB2BD141A80038A2BD = {
			isa = PBXGroup;
			children = (
				32C9B1F62BD141A80038A2BD /* test2 */,
				32C9B20D2BD141A90038A2BD /* test2Tests */,
				32C9B2172BD141A90038A2BD /* test2UITests */,
				32C9B1F52BD141A80038A2BD /* Products */,
			);
			sourceTree = "<group>";
		};
		32C9B1F52BD141A80038A2BD /* Products */ = {
			isa = PBXGroup;
			children = (
				32C9B1F42BD141A80038A2BD /* test2.app */,
				32C9B20A2BD141A90038A2BD /* test2Tests.xctest */,
				32C9B2142BD141A90038A2BD /* test2UITests.xctest */,
			);
			name = Products;
			sourceTree = "<group>";
		};
		32C9B1F62BD141A80038A2BD /* test2 */ = {
			isa = PBXGroup;
			children = (
				32C9B1F72BD141A80038A2BD /* AppDelegate.swift */,
				32C9B1F92BD141A80038A2BD /* SceneDelegate.swift */,
				32C9B1FB2BD141A80038A2BD /* ViewController.swift */,
				32C9B1FD2BD141A80038A2BD /* Main.storyboard */,
				32C9B2002BD141A90038A2BD /* Assets.xcassets */,
				32C9B2022BD141A90038A2BD /* LaunchScreen.storyboard */,
				32C9B2052BD141A90038A2BD /* Info.plist */,
			);
			path = test2;
			sourceTree = "<group>";
		};
		32C9B20D2BD141A90038A2BD /* test2Tests */ = {
			isa = PBXGroup;
			children = (
				32C9B20E2BD141A90038A2BD /* test2Tests.swift */,
			);
			path = test2Tests;
			sourceTree = "<group>";
		};
		32C9B2172BD141A90038A2BD /* test2UITests */ = {
			isa = PBXGroup;
			children = (
				32C9B2182BD141A90038A2BD /* test2UITests.swift */,
				32C9B21A2BD141A90038A2BD /* test2UITestsLaunchTests.swift */,
			);
			path = test2UITests;
			sourceTree = "<group>";
		};
/* End PBXGroup section */

/* Begin PBXNativeTarget section */
		32C9B1F32BD141A80038A2BD /* test2 */ = {
			isa = PBXNativeTarget;
			buildConfigurationList = 32C9B21E2BD141A90038A2BD /* Build configuration list for PBXNativeTarget "test2" */;
			buildPhases = (
				32C9B1F02BD141A80038A2BD /* Sources */,
				32C9B1F12BD141A80038A2BD /* Frameworks */,
				32C9B1F22BD141A80038A2BD /* Resources */,
			);
			buildRules = (
			);
			dependencies = (
			);
			name = test2;
			productName = test2;
			productReference = 32C9B1F42BD141A80038A2BD /* test2.app */;
			productType = "com.apple.product-type.application";
		};
		32C9B2092BD141A90038A2BD /* test2Tests */ = {
			isa = PBXNativeTarget;
			buildConfigurationList = 32C9B2212BD141A90038A2BD /* Build configuration list for PBXNativeTarget "test2Tests" */;
			buildPhases = (
				32C9B2062BD141A90038A2BD /* Sources */,
				32C9B2072BD141A90038A2BD /* Frameworks */,
				32C9B2082BD141A90038A2BD /* Resources */,
			);
			buildRules = (
			);
			dependencies = (
				32C9B20C2BD141A90038A2BD /* PBXTargetDependency */,
			);
			name = test2Tests;
			productName = test2Tests;
			productReference = 32C9B20A2BD141A90038A2BD /* test2Tests.xctest */;
			productType = "com.apple.product-type.bundle.unit-test";
		};
		32C9B2132BD141A90038A2BD /* test2UITests */ = {
			isa = PBXNativeTarget;
			buildConfigurationList = 32C9B2242BD141A90038A2BD /* Build configuration list for PBXNativeTarget "test2UITests" */;
			buildPhases = (
				32C9B2102BD141A90038A2BD /* Sources */,
				32C9B2112BD141A90038A2BD /* Frameworks */,
				32C9B2122BD141A90038A2BD /* Resources */,
			);
			buildRules = (
			);
			dependencies = (
				32C9B2162BD141A90038A2BD /* PBXTargetDependency */,
			);
			name = test2UITests;
			productName = test2UITests;
			productReference = 32C9B2142BD141A90038A2BD /* test2UITests.xctest */;
			productType = "com.apple.product-type.bundle.ui-testing";
		};
/* End PBXNativeTarget section */

/* Begin PBXProject section */
		32C9B1EC2BD141A80038A2BD /* Project object */ = {
			isa = PBXProject;
			attributes = {
				BuildIndependentTargetsInParallel = 1;
				LastSwiftUpdateCheck = 1530;
				LastUpgradeCheck = 1530;
				TargetAttributes = {
					32C9B1F32BD141A80038A2BD = {
						CreatedOnToolsVersion = 15.3;
					};
					32C9B2092BD141A90038A2BD = {
						CreatedOnToolsVersion = 15.3;
						TestTargetID = 32C9B1F32BD141A80038A2BD;
					};
					32C9B2132BD141A90038A2BD = {
						CreatedOnToolsVersion = 15.3;
						TestTargetID = 32C9B1F32BD141A80038A2BD;
					};
				};
			};
			buildConfigurationList = 32C9B1EF2BD141A80038A2BD /* Build configuration list for PBXProject "test2" */;
			compatibilityVersion = "Xcode 14.0";
			developmentRegion = en;
			hasScannedForEncodings = 0;
			knownRegions = (
				en,
				Base,
			);
			mainGroup = 32C9B1EB2BD141A80038A2BD;
			productRefGroup = 32C9B1F52BD141A80038A2BD /* Products */;
			projectDirPath = "";
			projectRoot = "";
			targets = (
				32C9B1F32BD141A80038A2BD /* test2 */,
				32C9B2092BD141A90038A2BD /* test2Tests */,
				32C9B2132BD141A90038A2BD /* test2UITests */,
			);
		};
/* End PBXProject section */

/* Begin PBXResourcesBuildPhase section */
		32C9B1F22BD141A80038A2BD /* Resources */ = {
			isa = PBXResourcesBuildPhase;
			buildActionMask = 2147483647;
			files = (
				32C9B2012BD141A90038A2BD /* Assets.xcassets in Resources */,
				32C9B2042BD141A90038A2BD /* Base in Resources */,
				32C9B1FF2BD141A80038A2BD /* Base in Resources */,
			);
			runOnlyForDeploymentPostprocessing = 0;
		};
		32C9B2082BD141A90038A2BD /* Resources */ = {
			isa = PBXResourcesBuildPhase;
			buildActionMask = 2147483647;
			files = (
			);
			runOnlyForDeploymentPostprocessing = 0;
		};
		32C9B2122BD141A90038A2BD /* Resources */ = {
			isa = PBXResourcesBuildPhase;
			buildActionMask = 2147483647;
			files = (
			);
			runOnlyForDeploymentPostprocessing = 0;
		};
/* End PBXResourcesBuildPhase section */

/* Begin PBXSourcesBuildPhase section */
		32C9B1F02BD141A80038A2BD /* Sources */ = {
			isa = PBXSourcesBuildPhase;
			buildActionMask = 2147483647;
			files = (
				32C9B1FC2BD141A80038A2BD /* ViewController.swift in Sources */,
				32C9B1F82BD141A80038A2BD /* AppDelegate.swift in Sources */,
				32C9B1FA2BD141A80038A2BD /* SceneDelegate.swift in Sources */,
			);
			runOnlyForDeploymentPostprocessing = 0;
		};
		32C9B2062BD141A90038A2BD /* Sources */ = {
			isa = PBXSourcesBuildPhase;
			buildActionMask = 2147483647;
			files = (
				32C9B20F2BD141A90038A2BD /* test2Tests.swift in Sources */,
			);
			runOnlyForDeploymentPostprocessing = 0;
		};
		32C9B2102BD141A90038A2BD /* Sources */ = {
			isa = PBXSourcesBuildPhase;
			buildActionMask = 2147483647;
			files = (
				32C9B2192BD141A90038A2BD /* test2UITests.swift in Sources */,
				32C9B21B2BD141A90038A2BD /* test2UITestsLaunchTests.swift in Sources */,
			);
			runOnlyForDeploymentPostprocessing = 0;
		};
/* End PBXSourcesBuildPhase section */

/* Begin PBXTargetDependency section */
		32C9B20C2BD141A90038A2BD /* PBXTargetDependency */ = {
			isa = PBXTargetDependency;
			target = 32C9B1F32BD141A80038A2BD /* test2 */;
			targetProxy = 32C9B20B2BD141A90038A2BD /* PBXContainerItemProxy */;
		};
		32C9B2162BD141A90038A2BD /* PBXTargetDependency */ = {
			isa = PBXTargetDependency;
			target = 32C9B1F32BD141A80038A2BD /* test2 */;
			targetProxy = 32C9B2152BD141A90038A2BD /* PBXContainerItemProxy */;
		};
/* End PBXTargetDependency section */

/* Begin PBXVariantGroup section */
		32C9B1FD2BD141A80038A2BD /* Main.storyboard */ = {
			isa = PBXVariantGroup;
			children = (
				32C9B1FE2BD141A80038A2BD /* Base */,
			);
			name = Main.storyboard;
			sourceTree = "<group>";
		};
		32C9B2022BD141A90038A2BD /* LaunchScreen.storyboard */ = {
			isa = PBXVariantGroup;
			children = (
				32C9B2032BD141A90038A2BD /* Base */,
			);
			name = LaunchScreen.storyboard;
			sourceTree = "<group>";
		};
/* End PBXVariantGroup section */

/* Begin XCBuildConfiguration section */
		32C9B21C2BD141A90038A2BD /* Debug */ = {
			isa = XCBuildConfiguration;
			buildSettings = {
				ALWAYS_SEARCH_USER_PATHS = NO;
				ASSETCATALOG_COMPILER_GENERATE_SWIFT_ASSET_SYMBOL_EXTENSIONS = YES;
				CLANG_ANALYZER_NONNULL = YES;
				CLANG_ANALYZER_NUMBER_OBJECT_CONVERSION = YES_AGGRESSIVE;
				CLANG_CXX_LANGUAGE_STANDARD = "gnu++20";
				CLANG_ENABLE_MODULES = YES;
				CLANG_ENABLE_OBJC_ARC = YES;
				CLANG_ENABLE_OBJC_WEAK = YES;
				CLANG_WARN_BLOCK_CAPTURE_AUTORELEASING = YES;
				CLANG_WARN_BOOL_CONVERSION = YES;
				CLANG_WARN_COMMA = YES;
				CLANG_WARN_CONSTANT_CONVERSION = YES;
				CLANG_WARN_DEPRECATED_OBJC_IMPLEMENTATIONS = YES;
				CLANG_WARN_DIRECT_OBJC_ISA_USAGE = YES_ERROR;
				CLANG_WARN_DOCUMENTATION_COMMENTS = YES;
				CLANG_WARN_EMPTY_BODY = YES;
				CLANG_WARN_ENUM_CONVERSION = YES;
				CLANG_WARN_INFINITE_RECURSION = YES;
				CLANG_WARN_INT_CONVERSION = YES;
				CLANG_WARN_NON_LITERAL_NULL_CONVERSION = YES;
				CLANG_WARN_OBJC_IMPLICIT_RETAIN_SELF = YES;
				CLANG_WARN_OBJC_LITERAL_CONVERSION = YES;
				CLANG_WARN_OBJC_ROOT_CLASS = YES_ERROR;
				CLANG_WARN_QUOTED_INCLUDE_IN_FRAMEWORK_HEADER = YES;
				CLANG_WARN_RANGE_LOOP_ANALYSIS = YES;
				CLANG_WARN_STRICT_PROTOTYPES = YES;
				CLANG_WARN_SUSPICIOUS_MOVE = YES;
				CLANG_WARN_UNGUARDED_AVAILABILITY = YES_AGGRESSIVE;
				CLANG_WARN_UNREACHABLE_CODE = YES;
				CLANG_WARN__DUPLICATE_METHOD_MATCH = YES;
				COPY_PHASE_STRIP = NO;
				DEBUG_INFORMATION_FORMAT = dwarf;
				ENABLE_STRICT_OBJC_MSGSEND = YES;
				ENABLE_TESTABILITY = YES;
				ENABLE_USER_SCRIPT_SANDBOXING = YES;
				GCC_C_LANGUAGE_STANDARD = gnu17;
				GCC_DYNAMIC_NO_PIC = NO;
				GCC_NO_COMMON_BLOCKS = YES;
				GCC_OPTIMIZATION_LEVEL = 0;
				GCC_PREPROCESSOR_DEFINITIONS = (
					"DEBUG=1",
					"$(inherited)",
				);
				GCC_WARN_64_TO_32_BIT_CONVERSION = YES;
				GCC_WARN_ABOUT_RETURN_TYPE = YES_ERROR;
				GCC_WARN_UNDECLARED_SELECTOR = YES;
				GCC_WARN_UNINITIALIZED_AUTOS = YES_AGGRESSIVE;
				GCC_WARN_UNUSED_FUNCTION = YES;
				GCC_WARN_UNUSED_VARIABLE = YES;
				IPHONEOS_DEPLOYMENT_TARGET = 17.4;
				LOCALIZATION_PREFERS_STRING_CATALOGS = YES;
				MTL_ENABLE_DEBUG_INFO = INCLUDE_SOURCE;
				MTL_FAST_MATH = YES;
				ONLY_ACTIVE_ARCH = YES;
				SDKROOT = iphoneos;
				SWIFT_ACTIVE_COMPILATION_CONDITIONS = "DEBUG $(inherited)";
				SWIFT_OPTIMIZATION_LEVEL = "-Onone";
			};
			name = Debug;
		};
		32C9B21D2BD141A90038A2BD /* Release */ = {
			isa = XCBuildConfiguration;
			buildSettings = {
				ALWAYS_SEARCH_USER_PATHS = NO;
				ASSETCATALOG_COMPILER_GENERATE_SWIFT_ASSET_SYMBOL_EXTENSIONS = YES;
				CLANG_ANALYZER_NONNULL = YES;
				CLANG_ANALYZER_NUMBER_OBJECT_CONVERSION = YES_AGGRESSIVE;
				CLANG_CXX_LANGUAGE_STANDARD = "gnu++20";
				CLANG_ENABLE_MODULES = YES;
				CLANG_ENABLE_OBJC_ARC = YES;
				CLANG_ENABLE_OBJC_WEAK = YES;
				CLANG_WARN_BLOCK_CAPTURE_AUTORELEASING = YES;
				CLANG_WARN_BOOL_CONVERSION = YES;
				CLANG_WARN_COMMA = YES;
				CLANG_WARN_CONSTANT_CONVERSION = YES;
				CLANG_WARN_DEPRECATED_OBJC_IMPLEMENTATIONS = YES;
				CLANG_WARN_DIRECT_OBJC_ISA_USAGE = YES_ERROR;
				CLANG_WARN_DOCUMENTATION_COMMENTS = YES;
				CLANG_WARN_EMPTY_BODY = YES;
				CLANG_WARN_ENUM_CONVERSION = YES;
				CLANG_WARN_INFINITE_RECURSION = YES;
				CLANG_WARN_INT_CONVERSION = YES;
				CLANG_WARN_NON_LITERAL_NULL_CONVERSION = YES;
				CLANG_WARN_OBJC_IMPLICIT_RETAIN_SELF = YES;
				CLANG_WARN_OBJC_LITERAL_CONVERSION = YES;
				CLANG_WARN_OBJC_ROOT_CLASS = YES_ERROR;
				CLANG_WARN_QUOTED_INCLUDE_IN_FRAMEWORK_HEADER = YES;
				CLANG_WARN_RANGE_LOOP_ANALYSIS = YES;
				CLANG_WARN_STRICT_PROTOTYPES = YES;
				CLANG_WARN_SUSPICIOUS_MOVE = YES;
				CLANG_WARN_UNGUARDED_AVAILABILITY = YES_AGGRESSIVE;
				CLANG_WARN_UNREACHABLE_CODE = YES;
				CLANG_WARN__DUPLICATE_METHOD_MATCH = YES;
				COPY_PHASE_STRIP = NO;
				DEBUG_INFORMATION_FORMAT = "dwarf-with-dsym";
				ENABLE_NS_ASSERTIONS = NO;
				ENABLE_STRICT_OBJC_MSGSEND = YES;
				ENABLE_USER_SCRIPT_SANDBOXING = YES;
				GCC_C_LANGUAGE_STANDARD = gnu17;
				GCC_NO_COMMON_BLOCKS = YES;
				GCC_WARN_64_TO_32_BIT_CONVERSION = YES;
				GCC_WARN_ABOUT_RETURN_TYPE = YES_ERROR;
				GCC_WARN_UNDECLARED_SELECTOR = YES;
				GCC_WARN_UNINITIALIZED_AUTOS = YES_AGGRESSIVE;
				GCC_WARN_UNUSED_FUNCTION = YES;
				GCC_WARN_UNUSED_VARIABLE = YES;
				IPHONEOS_DEPLOYMENT_TARGET = 17.4;
				LOCALIZATION_PREFERS_STRING_CATALOGS = YES;
				MTL_ENABLE_DEBUG_INFO = NO;
				MTL_FAST_MATH = YES;
				SDKROOT = iphoneos;
				SWIFT_COMPILATION_MODE = wholemodule;
				VALIDATE_PRODUCT = YES;
			};
			name = Release;
		};
		32C9B21F2BD141A90038A2BD /* Debug */ = {
			isa = XCBuildConfiguration;
			buildSettings = {
				ASSETCATALOG_COMPILER_APPICON_NAME = AppIcon;
				ASSETCATALOG_COMPILER_GLOBAL_ACCENT_COLOR_NAME = AccentColor;
				CODE_SIGN_STYLE = Automatic;
				CURRENT_PROJECT_VERSION = 1;
				GENERATE_INFOPLIST_FILE = YES;
				INFOPLIST_FILE = test2/Info.plist;
				INFOPLIST_KEY_UIApplicationSupportsIndirectInputEvents = YES;
				INFOPLIST_KEY_UILaunchStoryboardName = LaunchScreen;
				INFOPLIST_KEY_UIMainStoryboardFile = Main;
				INFOPLIST_KEY_UISupportedInterfaceOrientations_iPad = "UIInterfaceOrientationPortrait UIInterfaceOrientationPortraitUpsideDown UIInterfaceOrientationLandscapeLeft UIInterfaceOrientationLandscapeRight";
				INFOPLIST_KEY_UISupportedInterfaceOrientations_iPhone = "UIInterfaceOrientationPortrait UIInterfaceOrientationLandscapeLeft UIInterfaceOrientationLandscapeRight";
				LD_RUNPATH_SEARCH_PATHS = (
					"$(inherited)",
					"@executable_path/Frameworks",
				);
				MARKETING_VERSION = 1.0;
				PRODUCT_BUNDLE_IDENTIFIER = eausoftech.test2;
				PRODUCT_NAME = "$(TARGET_NAME)";
				SWIFT_EMIT_LOC_STRINGS = YES;
				SWIFT_VERSION = 5.0;
				TARGETED_DEVICE_FAMILY = "1,2";
			};
			name = Debug;
		};
		32C9B2202BD141A90038A2BD /* Release */ = {
			isa = XCBuildConfiguration;
			buildSettings = {
				ASSETCATALOG_COMPILER_APPICON_NAME = AppIcon;
				ASSETCATALOG_COMPILER_GLOBAL_ACCENT_COLOR_NAME = AccentColor;
				CODE_SIGN_STYLE = Automatic;
				CURRENT_PROJECT_VERSION = 1;
				GENERATE_INFOPLIST_FILE = YES;
				INFOPLIST_FILE = test2/Info.plist;
				INFOPLIST_KEY_UIApplicationSupportsIndirectInputEvents = YES;
				INFOPLIST_KEY_UILaunchStoryboardName = LaunchScreen;
				INFOPLIST_KEY_UIMainStoryboardFile = Main;
				INFOPLIST_KEY_UISupportedInterfaceOrientations_iPad = "UIInterfaceOrientationPortrait UIInterfaceOrientationPortraitUpsideDown UIInterfaceOrientationLandscapeLeft UIInterfaceOrientationLandscapeRight";
				INFOPLIST_KEY_UISupportedInterfaceOrientations_iPhone = "UIInterfaceOrientationPortrait UIInterfaceOrientationLandscapeLeft UIInterfaceOrientationLandscapeRight";
				LD_RUNPATH_SEARCH_PATHS = (
					"$(inherited)",
					"@executable_path/Frameworks",
				);
				MARKETING_VERSION = 1.0;
				PRODUCT_BUNDLE_IDENTIFIER = eausoftech.test2;
				PRODUCT_NAME = "$(TARGET_NAME)";
				SWIFT_EMIT_LOC_STRINGS = YES;
				SWIFT_VERSION = 5.0;
				TARGETED_DEVICE_FAMILY = "1,2";
			};
			name = Release;
		};
		32C9B2222BD141A90038A2BD /* Debug */ = {
			isa = XCBuildConfiguration;
			buildSettings = {
				ALWAYS_EMBED_SWIFT_STANDARD_LIBRARIES = YES;
				BUNDLE_LOADER = "$(TEST_HOST)";
				CODE_SIGN_STYLE = Automatic;
				CURRENT_PROJECT_VERSION = 1;
				GENERATE_INFOPLIST_FILE = YES;
				IPHONEOS_DEPLOYMENT_TARGET = 17.4;
				MARKETING_VERSION = 1.0;
				PRODUCT_BUNDLE_IDENTIFIER = eausoftech.test2Tests;
				PRODUCT_NAME = "$(TARGET_NAME)";
				SWIFT_EMIT_LOC_STRINGS = NO;
				SWIFT_VERSION = 5.0;
				TARGETED_DEVICE_FAMILY = "1,2";
				TEST_HOST = "$(BUILT_PRODUCTS_DIR)/test2.app/$(BUNDLE_EXECUTABLE_FOLDER_PATH)/test2";
			};
			name = Debug;
		};
		32C9B2232BD141A90038A2BD /* Release */ = {
			isa = XCBuildConfiguration;
			buildSettings = {
				ALWAYS_EMBED_SWIFT_STANDARD_LIBRARIES = YES;
				BUNDLE_LOADER = "$(TEST_HOST)";
				CODE_SIGN_STYLE = Automatic;
				CURRENT_PROJECT_VERSION = 1;
				GENERATE_INFOPLIST_FILE = YES;
				IPHONEOS_DEPLOYMENT_TARGET = 17.4;
				MARKETING_VERSION = 1.0;
				PRODUCT_BUNDLE_IDENTIFIER = eausoftech.test2Tests;
				PRODUCT_NAME = "$(TARGET_NAME)";
				SWIFT_EMIT_LOC_STRINGS = NO;
				SWIFT_VERSION = 5.0;
				TARGETED_DEVICE_FAMILY = "1,2";
				TEST_HOST = "$(BUILT_PRODUCTS_DIR)/test2.app/$(BUNDLE_EXECUTABLE_FOLDER_PATH)/test2";
			};
			name = Release;
		};
		32C9B2252BD141A90038A2BD /* Debug */ = {
			isa = XCBuildConfiguration;
			buildSettings = {
				ALWAYS_EMBED_SWIFT_STANDARD_LIBRARIES = YES;
				CODE_SIGN_STYLE = Automatic;
				CURRENT_PROJECT_VERSION = 1;
				GENERATE_INFOPLIST_FILE = YES;
				MARKETING_VERSION = 1.0;
				PRODUCT_BUNDLE_IDENTIFIER = eausoftech.test2UITests;
				PRODUCT_NAME = "$(TARGET_NAME)";
				SWIFT_EMIT_LOC_STRINGS = NO;
				SWIFT_VERSION = 5.0;
				TARGETED_DEVICE_FAMILY = "1,2";
				TEST_TARGET_NAME = test2;
			};
			name = Debug;
		};
		32C9B2262BD141A90038A2BD /* Release */ = {
			isa = XCBuildConfiguration;
			buildSettings = {
				ALWAYS_EMBED_SWIFT_STANDARD_LIBRARIES = YES;
				CODE_SIGN_STYLE = Automatic;
				CURRENT_PROJECT_VERSION = 1;
				GENERATE_INFOPLIST_FILE = YES;
				MARKETING_VERSION = 1.0;
				PRODUCT_BUNDLE_IDENTIFIER = eausoftech.test2UITests;
				PRODUCT_NAME = "$(TARGET_NAME)";
				SWIFT_EMIT_LOC_STRINGS = NO;
				SWIFT_VERSION = 5.0;
				TARGETED_DEVICE_FAMILY = "1,2";
				TEST_TARGET_NAME = test2;
			};
			name = Release;
		};
/* End XCBuildConfiguration section */

/* Begin XCConfigurationList section */
		32C9B1EF2BD141A80038A2BD /* Build configuration list for PBXProject "test2" */ = {
			isa = XCConfigurationList;
			buildConfigurations = (
				32C9B21C2BD141A90038A2BD /* Debug */,
				32C9B21D2BD141A90038A2BD /* Release */,
			);
			defaultConfigurationIsVisible = 0;
			defaultConfigurationName = Release;
		};
		32C9B21E2BD141A90038A2BD /* Build configuration list for PBXNativeTarget "test2" */ = {
			isa = XCConfigurationList;
			buildConfigurations = (
				32C9B21F2BD141A90038A2BD /* Debug */,
				32C9B2202BD141A90038A2BD /* Release */,
			);
			defaultConfigurationIsVisible = 0;
			defaultConfigurationName = Release;
		};
		32C9B2212BD141A90038A2BD /* Build configuration list for PBXNativeTarget "test2Tests" */ = {
			isa = XCConfigurationList;
			buildConfigurations = (
				32C9B2222BD141A90038A2BD /* Debug */,
				32C9B2232BD141A90038A2BD /* Release */,
			);
			defaultConfigurationIsVisible = 0;
			defaultConfigurationName = Release;
		};
		32C9B2242BD141A90038A2BD /* Build configuration list for PBXNativeTarget "test2UITests" */ = {
			isa = XCConfigurationList;
			buildConfigurations = (
				32C9B2252BD141A90038A2BD /* Debug */,
				32C9B2262BD141A90038A2BD /* Release */,
			);
			defaultConfigurationIsVisible = 0;
			defaultConfigurationName = Release;
		};
/* End XCConfigurationList section */
	};
	rootObject = 32C9B1EC2BD141A80038A2BD /* Project object */;
}
